
Microsoft Visual Studio Solution File, Format Version 12.00
# Visual Studio Version 16
VisualStudioVersion = 16.0.30309.148
MinimumVisualStudioVersion = 10.0.40219.1
Project("{9A19103F-16F7-4668-BE54-9A1E7A4F7556}") = "eWeLink-Api", "eWeLink-Api.csproj", "{294EAA67-F0BE-4437-8B75-D2F3CB9F156B}"
EndProject
Project("{FAE04EC0-301F-11D3-BF4B-00C04F79EFBC}") = "dotnet-ewelink-api-test", "..\dotnet-ewelink-api-test\dotnet-ewelink-api-test.csproj", "{AB3E0036-C080-4279-B718-A2D8030CB1B3}"
EndProject
Global
	GlobalSection(SolutionConfigurationPlatforms) = preSolution
		Debug|Any CPU = Debug|Any CPU
		Release|Any CPU = Release|Any CPU
	EndGlobalSection
	GlobalSection(ProjectConfigurationPlatforms) = postSolution
		{294EAA67-F0BE-4437-8B75-D2F3CB9F156B}.Debug|Any CPU.ActiveCfg = Debug|Any CPU
		{294EAA67-F0BE-4437-8B75-D2F3CB9F156B}.Debug|Any CPU.Build.0 = Debug|Any CPU
		{294EAA67-F0BE-4437-8B75-D2F3CB9F156B}.Release|Any CPU.ActiveCfg = Release|Any CPU
		{294EAA67-F0BE-4437-8B75-D2F3CB9F156B}.Release|Any CPU.Build.0 = Release|Any CPU
		{AB3E0036-C080-4279-B718-A2D8030CB1B3}.Debug|Any CPU.ActiveCfg = Debug|Any CPU
		{AB3E0036-C080-4279-B718-A2D8030CB1B3}.Debug|Any CPU.Build.0 = Debug|Any CPU
		{AB3E0036-C080-4279-B718-A2D8030CB1B3}.Release|Any CPU.ActiveCfg = Release|Any CPU
		{AB3E0036-C080-4279-B718-A2D8030CB1B3}.Release|Any CPU.Build.0 = Release|Any CPU
	EndGlobalSection
	GlobalSection(SolutionProperties) = preSolution
		HideSolutionNode = FALSE
	EndGlobalSection
	GlobalSection(ExtensibilityGlobals) = postSolution
		SolutionGuid = {1F26FF86-A04F-408D-B3E5-DC1452E359EF}
	EndGlobalSection
EndGlobal
